
Microsoft Visual Studio Solution File, Format Version 12.00
# Visual Studio Version 16
VisualStudioVersion = 16.0.30114.105
MinimumVisualStudioVersion = 10.0.40219.1
Project("{9A19103F-16F7-4668-BE54-9A1E7A4F7556}") = "Ninja.Application", "Ninja.Application\Ninja.Application.csproj", "{30467A21-C5E9-486D-AD67-89BA761B5D02}"
EndProject
Project("{9A19103F-16F7-4668-BE54-9A1E7A4F7556}") = "Ninja.UnitTests", "Ninja.UnitTests\Ninja.UnitTests.csproj", "{113BEF71-0225-4100-8540-C70DFAB1137D}"
EndProject
Project("{9A19103F-16F7-4668-BE54-9A1E7A4F7556}") = "Ninja.Api", "Ninja.Api\Ninja.Api.csproj", "{5274D50C-9F7E-454E-8B55-FDAC7E258884}"
EndProject
Global
	GlobalSection(SolutionConfigurationPlatforms) = preSolution
		Debug|Any CPU = Debug|Any CPU
		Release|Any CPU = Release|Any CPU
	EndGlobalSection
	GlobalSection(ProjectConfigurationPlatforms) = postSolution
		{30467A21-C5E9-486D-AD67-89BA761B5D02}.Debug|Any CPU.ActiveCfg = Debug|Any CPU
		{30467A21-C5E9-486D-AD67-89BA761B5D02}.Debug|Any CPU.Build.0 = Debug|Any CPU
		{30467A21-C5E9-486D-AD67-89BA761B5D02}.Release|Any CPU.ActiveCfg = Release|Any CPU
		{30467A21-C5E9-486D-AD67-89BA761B5D02}.Release|Any CPU.Build.0 = Release|Any CPU
		{113BEF71-0225-4100-8540-C70DFAB1137D}.Debug|Any CPU.ActiveCfg = Debug|Any CPU
		{113BEF71-0225-4100-8540-C70DFAB1137D}.Debug|Any CPU.Build.0 = Debug|Any CPU
		{113BEF71-0225-4100-8540-C70DFAB1137D}.Release|Any CPU.ActiveCfg = Release|Any CPU
		{113BEF71-0225-4100-8540-C70DFAB1137D}.Release|Any CPU.Build.0 = Release|Any CPU
		{5274D50C-9F7E-454E-8B55-FDAC7E258884}.Debug|Any CPU.ActiveCfg = Debug|Any CPU
		{5274D50C-9F7E-454E-8B55-FDAC7E258884}.Debug|Any CPU.Build.0 = Debug|Any CPU
		{5274D50C-9F7E-454E-8B55-FDAC7E258884}.Release|Any CPU.ActiveCfg = Release|Any CPU
		{5274D50C-9F7E-454E-8B55-FDAC7E258884}.Release|Any CPU.Build.0 = Release|Any CPU
	EndGlobalSection
	GlobalSection(SolutionProperties) = preSolution
		HideSolutionNode = FALSE
	EndGlobalSection
	GlobalSection(ExtensibilityGlobals) = postSolution
		SolutionGuid = {3E458E6C-40DD-4DE4-AD88-5A9B2EAC631A}
	EndGlobalSection
EndGlobal
